{
  "name": "task-graph-solver",
  "lockfileVersion": 3,
  "requires": true,
  "packages": {
    "": {
      "devDependencies": {
        "@iwavesmedia/semantic-release-composer": "^1.0.0"
      }
    },
    "node_modules/@iwavesmedia/semantic-release-composer": {
      "version": "1.1.0",
      "resolved": "https://registry.npmjs.org/@iwavesmedia/semantic-release-composer/-/semantic-release-composer-1.1.0.tgz",
      "integrity": "sha512-qhvrNEHgvMEz6nF3C1jkaJkGlztU1wiQdI/BDYiDIq5N++ypy1tAPUT+a6iezqtNErWOoDU1Oi4lK3DklxfGGA==",
      "dev": true,
      "license": "MIT",
      "dependencies": {
        "@semantic-release/error": "^2.2.0"
      }
    },
    "node_modules/@semantic-release/error": {
      "version": "2.2.0",
      "resolved": "https://registry.npmjs.org/@semantic-release/error/-/error-2.2.0.tgz",
      "integrity": "sha512-9Tj/qn+y2j+sjCI3Jd+qseGtHjOAeg7dU2/lVcqIQ9TV3QDaDXDYXcoOHU+7o2Hwh8L8ymL4gfuO7KxDs3q2zg==",
      "dev": true,
      "license": "MIT"
    }
  }
}
